<?xml version="1.0" encoding="utf-8"?>
<Project ToolsVersion="4.0" xmlns="http://schemas.microsoft.com/developer/msbuild/2003">
  <ItemGroup>
    <Filter Include="MenuStates">
      <UniqueIdentifier>{a38fc816-69a8-43b3-96ab-53ecf88f8888}</UniqueIdentifier>
    </Filter>
    <Filter Include="Objets">
      <UniqueIdentifier>{d839ae20-13e2-44df-92a5-f868c9702e14}</UniqueIdentifier>
    </Filter>
    <Filter Include="MenuStates\Gameplay">
      <UniqueIdentifier>{c1953a0f-7973-403b-9292-a9c0acb23d54}</UniqueIdentifier>
    </Filter>
    <Filter Include="MenuStates\Global_Enums">
      <UniqueIdentifier>{043993eb-e968-4912-a1ea-2a9945caba15}</UniqueIdentifier>
    </Filter>
    <Filter Include="MenuStates\Game">
      <UniqueIdentifier>{675b0fb0-8ec4-402e-ad20-d7efcb57f0b1}</UniqueIdentifier>
    </Filter>
    <Filter Include="Objets\SpaceShip">
      <UniqueIdentifier>{f9a93a9c-a013-4199-9dc3-53124506a0b1}</UniqueIdentifier>
    </Filter>
    <Filter Include="Objets\Bullets">
      <UniqueIdentifier>{2f93ee2c-740a-4af0-98e1-c976b6757d8a}</UniqueIdentifier>
    </Filter>
    <Filter Include="Objets\Asteroids">
      <UniqueIdentifier>{abfac4c0-1e31-430f-9501-bf05f3b36f2d}</UniqueIdentifier>
    </Filter>
  </ItemGroup>
  <ItemGroup>
    <ClCompile Include="main.cpp" />
    <ClCompile Include="MenuStates\Gameplay\gameplay.cpp">
      <Filter>MenuStates\Gameplay</Filter>
    </ClCompile>
    <ClCompile Include="MenuStates\Game\game.cpp">
      <Filter>MenuStates\Game</Filter>
    </ClCompile>
    <ClCompile Include="Objects\Spaceship\spaceship.cpp">
      <Filter>Objets\SpaceShip</Filter>
    </ClCompile>
    <ClCompile Include="MenuStates\GlobalEnums\general_Func.cpp">
      <Filter>MenuStates\Global_Enums</Filter>
    </ClCompile>
    <ClCompile Include="Objects\Bullet\bullet.cpp">
      <Filter>Objets\Bullets</Filter>
    </ClCompile>
    <ClCompile Include="Objects\Asteroids\asteroid.cpp" />
  </ItemGroup>
  <ItemGroup>
    <ClInclude Include="MenuStates\Gameplay\gameplay.h">
      <Filter>MenuStates\Gameplay</Filter>
    </ClInclude>
    <ClInclude Include="MenuStates\Game\game.h">
      <Filter>MenuStates\Game</Filter>
    </ClInclude>
    <ClInclude Include="Objects\Spaceship\spaceship.h">
      <Filter>Objets\SpaceShip</Filter>
    </ClInclude>
    <ClInclude Include="MenuStates\GlobalEnums\genera_func.h">
      <Filter>MenuStates\Global_Enums</Filter>
    </ClInclude>
    <ClInclude Include="Objects\Bullet\bullet.h">
      <Filter>Objets\Bullets</Filter>
    </ClInclude>
    <ClInclude Include="Objects\Asteroids\asteroid.h" />
  </ItemGroup>
</Project>