<?xml version="1.0" encoding="utf-8"?>
<Project ToolsVersion="4.0" xmlns="http://schemas.microsoft.com/developer/msbuild/2003">
  <ItemGroup>
    <Filter Include="MenuStates">
      <UniqueIdentifier>{a38fc816-69a8-43b3-96ab-53ecf88f8888}</UniqueIdentifier>
    </Filter>
    <Filter Include="Objets">
      <UniqueIdentifier>{d839ae20-13e2-44df-92a5-f868c9702e14}</UniqueIdentifier>
    </Filter>
    <Filter Include="MenuStates\Gameplay">
      <UniqueIdentifier>{c1953a0f-7973-403b-9292-a9c0acb23d54}</UniqueIdentifier>
    </Filter>
    <Filter Include="MenuStates\Global_Enums">
      <UniqueIdentifier>{043993eb-e968-4912-a1ea-2a9945caba15}</UniqueIdentifier>
    </Filter>
    <Filter Include="MenuStates\Game">
      <UniqueIdentifier>{675b0fb0-8ec4-402e-ad20-d7efcb57f0b1}</UniqueIdentifier>
    </Filter>
    <Filter Include="Objets\SpaceShip">
      <UniqueIdentifier>{f9a93a9c-a013-4199-9dc3-53124506a0b1}</UniqueIdentifier>
    </Filter>
    <Filter Include="Objets\Bullets">
      <UniqueIdentifier>{2f93ee2c-740a-4af0-98e1-c976b6757d8a}</UniqueIdentifier>
    </Filter>
    <Filter Include="Objets\Asteroids">
      <UniqueIdentifier>{abfac4c0-1e31-430f-9501-bf05f3b36f2d}</UniqueIdentifier>
    </Filter>
    <Filter Include="Objets\Button">
      <UniqueIdentifier>{4d39fafc-6e69-456d-8bc6-91099b3473e4}</UniqueIdentifier>
    </Filter>
    <Filter Include="MenuStates\Credits">
      <UniqueIdentifier>{8aa1e2d4-6064-435c-b4f9-1c5050987bc4}</UniqueIdentifier>
    </Filter>
    <Filter Include="MenuStates\MainMenu">
      <UniqueIdentifier>{222f97fb-5581-4779-aa35-0289fb284fbb}</UniqueIdentifier>
    </Filter>
    <Filter Include="MenuStates\Rules">
      <UniqueIdentifier>{72e7f195-b0bd-46c7-9a26-2e5ededfa0ce}</UniqueIdentifier>
    </Filter>
    <Filter Include="MenuStates\Options">
      <UniqueIdentifier>{3676bb32-d43d-4bad-a516-de18f42ac153}</UniqueIdentifier>
    </Filter>
    <Filter Include="Objets\Monster">
      <UniqueIdentifier>{ee7543da-ea6c-498a-b85f-6613356f8023}</UniqueIdentifier>
    </Filter>
  </ItemGroup>
  <ItemGroup>
    <ClCompile Include="main.cpp" />
    <ClCompile Include="..\src\MenuStates\Game\game.cpp">
      <Filter>MenuStates\Game</Filter>
    </ClCompile>
    <ClCompile Include="..\src\MenuStates\GlobalEnums\general_Func.cpp">
      <Filter>MenuStates\Global_Enums</Filter>
    </ClCompile>
    <ClCompile Include="..\src\MenuStates\Gameplay\gameplay.cpp">
      <Filter>MenuStates\Gameplay</Filter>
    </ClCompile>
    <ClCompile Include="..\src\MenuStates\Credits\credits.cpp">
      <Filter>MenuStates\Credits</Filter>
    </ClCompile>
    <ClCompile Include="..\src\MenuStates\MainMenu\mainMenu.cpp">
      <Filter>MenuStates\MainMenu</Filter>
    </ClCompile>
    <ClCompile Include="..\src\MenuStates\Options\options.cpp">
      <Filter>MenuStates\Options</Filter>
    </ClCompile>
    <ClCompile Include="..\src\MenuStates\Rules\rules.cpp">
      <Filter>MenuStates\Rules</Filter>
    </ClCompile>
    <ClCompile Include="..\src\Objects\Asteroids\asteroid.cpp">
      <Filter>Objets\Asteroids</Filter>
    </ClCompile>
    <ClCompile Include="..\src\Objects\Bullet\bullet.cpp">
      <Filter>Objets\Bullets</Filter>
    </ClCompile>
    <ClCompile Include="..\src\Objects\Button\button.cpp">
      <Filter>Objets\Button</Filter>
    </ClCompile>
    <ClCompile Include="..\src\Objects\Spaceship\spaceship.cpp">
      <Filter>Objets\SpaceShip</Filter>
    </ClCompile>
    <ClCompile Include="..\src\Objects\Monster\monster.cpp">
      <Filter>Objets\Monster</Filter>
    </ClCompile>
  </ItemGroup>
  <ItemGroup>
    <ClInclude Include="..\src\MenuStates\Game\game.h">
      <Filter>MenuStates\Game</Filter>
    </ClInclude>
    <ClInclude Include="..\src\MenuStates\GlobalEnums\genera_func.h">
      <Filter>MenuStates\Global_Enums</Filter>
    </ClInclude>
    <ClInclude Include="..\src\MenuStates\Gameplay\gameplay.h">
      <Filter>MenuStates\Gameplay</Filter>
    </ClInclude>
    <ClInclude Include="..\src\MenuStates\Credits\credits.h">
      <Filter>MenuStates\Credits</Filter>
    </ClInclude>
    <ClInclude Include="..\src\MenuStates\MainMenu\mainMenu.h">
      <Filter>MenuStates\MainMenu</Filter>
    </ClInclude>
    <ClInclude Include="..\src\MenuStates\Options\options.h">
      <Filter>MenuStates\Options</Filter>
    </ClInclude>
    <ClInclude Include="..\src\MenuStates\Rules\rules.h">
      <Filter>MenuStates\Rules</Filter>
    </ClInclude>
    <ClInclude Include="..\src\Objects\Asteroids\asteroid.h">
      <Filter>Objets\Asteroids</Filter>
    </ClInclude>
    <ClInclude Include="..\src\Objects\Bullet\bullet.h">
      <Filter>Objets\Bullets</Filter>
    </ClInclude>
    <ClInclude Include="..\src\Objects\Button\button.h">
      <Filter>Objets\Button</Filter>
    </ClInclude>
    <ClInclude Include="..\src\Objects\Spaceship\spaceship.h">
      <Filter>Objets\SpaceShip</Filter>
    </ClInclude>
    <ClInclude Include="..\src\Objects\Monster\monster.h">
      <Filter>Objets\Monster</Filter>
    </ClInclude>
  </ItemGroup>
</Project>